// !$*UTF8*$!
{
	archiveVersion = 1;
	classes = {
	};
	objectVersion = 50;
	objects = {

/* Begin PBXBuildFile section */
		EE51BE75203B629500D25DAE /* main.swift in Sources */ = {isa = PBXBuildFile; fileRef = EE51BE74203B629500D25DAE /* main.swift */; };
		EEC7EDE720445D0900A5F0A4 /* CompressedArray.swift in Sources */ = {isa = PBXBuildFile; fileRef = EEC7EDE620445D0900A5F0A4 /* CompressedArray.swift */; };
		EED205122077C20500F538E9 /* VM.swift in Sources */ = {isa = PBXBuildFile; fileRef = EED205112077C20500F538E9 /* VM.swift */; };
		EED205142077DEAE00F538E9 /* Chunk.swift in Sources */ = {isa = PBXBuildFile; fileRef = EED205132077DEAE00F538E9 /* Chunk.swift */; };
		EED205162077DEDA00F538E9 /* OpCode.swift in Sources */ = {isa = PBXBuildFile; fileRef = EED205152077DEDA00F538E9 /* OpCode.swift */; };
		EED205182077DEFD00F538E9 /* Value.swift in Sources */ = {isa = PBXBuildFile; fileRef = EED205172077DEFD00F538E9 /* Value.swift */; };
/* End PBXBuildFile section */

/* Begin PBXCopyFilesBuildPhase section */
		EE51BE6F203B629500D25DAE /* CopyFiles */ = {
			isa = PBXCopyFilesBuildPhase;
			buildActionMask = 2147483647;
			dstPath = /usr/share/man/man1/;
			dstSubfolderSpec = 0;
			files = (
			);
			runOnlyForDeploymentPostprocessing = 1;
		};
/* End PBXCopyFilesBuildPhase section */

/* Begin PBXFileReference section */
		EE51BE71203B629500D25DAE /* bslox */ = {isa = PBXFileReference; explicitFileType = "compiled.mach-o.executable"; includeInIndex = 0; path = bslox; sourceTree = BUILT_PRODUCTS_DIR; };
		EE51BE74203B629500D25DAE /* main.swift */ = {isa = PBXFileReference; lastKnownFileType = sourcecode.swift; path = main.swift; sourceTree = "<group>"; };
		EEC7EDE620445D0900A5F0A4 /* CompressedArray.swift */ = {isa = PBXFileReference; lastKnownFileType = sourcecode.swift; path = CompressedArray.swift; sourceTree = "<group>"; };
		EED205112077C20500F538E9 /* VM.swift */ = {isa = PBXFileReference; lastKnownFileType = sourcecode.swift; path = VM.swift; sourceTree = "<group>"; };
		EED205132077DEAE00F538E9 /* Chunk.swift */ = {isa = PBXFileReference; lastKnownFileType = sourcecode.swift; path = Chunk.swift; sourceTree = "<group>"; };
		EED205152077DEDA00F538E9 /* OpCode.swift */ = {isa = PBXFileReference; lastKnownFileType = sourcecode.swift; path = OpCode.swift; sourceTree = "<group>"; };
		EED205172077DEFD00F538E9 /* Value.swift */ = {isa = PBXFileReference; lastKnownFileType = sourcecode.swift; path = Value.swift; sourceTree = "<group>"; };
/* End PBXFileReference section */

/* Begin PBXFrameworksBuildPhase section */
		EE51BE6E203B629500D25DAE /* Frameworks */ = {
			isa = PBXFrameworksBuildPhase;
			buildActionMask = 2147483647;
			files = (
			);
			runOnlyForDeploymentPostprocessing = 0;
		};
/* End PBXFrameworksBuildPhase section */

/* Begin PBXGroup section */
		EE51BE68203B629500D25DAE = {
			isa = PBXGroup;
			children = (
				EE51BE73203B629500D25DAE /* bslox */,
				EE51BE72203B629500D25DAE /* Products */,
			);
			sourceTree = "<group>";
		};
		EE51BE72203B629500D25DAE /* Products */ = {
			isa = PBXGroup;
			children = (
				EE51BE71203B629500D25DAE /* bslox */,
			);
			name = Products;
			sourceTree = "<group>";
		};
		EE51BE73203B629500D25DAE /* bslox */ = {
			isa = PBXGroup;
			children = (
				EEC7EDE620445D0900A5F0A4 /* CompressedArray.swift */,
				EED205152077DEDA00F538E9 /* OpCode.swift */,
				EED205172077DEFD00F538E9 /* Value.swift */,
				EED205132077DEAE00F538E9 /* Chunk.swift */,
				EED205112077C20500F538E9 /* VM.swift */,
				EE51BE74203B629500D25DAE /* main.swift */,
			);
			path = bslox;
			sourceTree = "<group>";
		};
/* End PBXGroup section */

/* Begin PBXNativeTarget section */
		EE51BE70203B629500D25DAE /* bslox */ = {
			isa = PBXNativeTarget;
			buildConfigurationList = EE51BE78203B629500D25DAE /* Build configuration list for PBXNativeTarget "bslox" */;
			buildPhases = (
				EE51BE6D203B629500D25DAE /* Sources */,
				EE51BE6E203B629500D25DAE /* Frameworks */,
				EE51BE6F203B629500D25DAE /* CopyFiles */,
			);
			buildRules = (
			);
			dependencies = (
			);
			name = bslox;
			productName = bslox;
			productReference = EE51BE71203B629500D25DAE /* bslox */;
			productType = "com.apple.product-type.tool";
		};
/* End PBXNativeTarget section */

/* Begin PBXProject section */
		EE51BE69203B629500D25DAE /* Project object */ = {
			isa = PBXProject;
			attributes = {
				LastSwiftUpdateCheck = 0930;
				LastUpgradeCheck = 0930;
				ORGANIZATIONNAME = "Ahmad Alhashemi";
				TargetAttributes = {
					EE51BE70203B629500D25DAE = {
						CreatedOnToolsVersion = 9.3;
					};
				};
			};
			buildConfigurationList = EE51BE6C203B629500D25DAE /* Build configuration list for PBXProject "bslox" */;
			compatibilityVersion = "Xcode 9.3";
			developmentRegion = en;
			hasScannedForEncodings = 0;
			knownRegions = (
				en,
			);
			mainGroup = EE51BE68203B629500D25DAE;
			productRefGroup = EE51BE72203B629500D25DAE /* Products */;
			projectDirPath = "";
			projectRoot = "";
			targets = (
				EE51BE70203B629500D25DAE /* bslox */,
			);
		};
/* End PBXProject section */

/* Begin PBXSourcesBuildPhase section */
		EE51BE6D203B629500D25DAE /* Sources */ = {
			isa = PBXSourcesBuildPhase;
			buildActionMask = 2147483647;
			files = (
				EEC7EDE720445D0900A5F0A4 /* CompressedArray.swift in Sources */,
				EED205122077C20500F538E9 /* VM.swift in Sources */,
				EE51BE75203B629500D25DAE /* main.swift in Sources */,
				EED205162077DEDA00F538E9 /* OpCode.swift in Sources */,
				EED205142077DEAE00F538E9 /* Chunk.swift in Sources */,
				EED205182077DEFD00F538E9 /* Value.swift in Sources */,
			);
			runOnlyForDeploymentPostprocessing = 0;
		};
/* End PBXSourcesBuildPhase section */

/* Begin XCBuildConfiguration section */
		EE51BE76203B629500D25DAE /* Debug */ = {
			isa = XCBuildConfiguration;
			buildSettings = {
				ALWAYS_SEARCH_USER_PATHS = NO;
				CLANG_ANALYZER_NONNULL = YES;
				CLANG_ANALYZER_NUMBER_OBJECT_CONVERSION = YES_AGGRESSIVE;
				CLANG_CXX_LANGUAGE_STANDARD = "gnu++14";
				CLANG_CXX_LIBRARY = "libc++";
				CLANG_ENABLE_MODULES = YES;
				CLANG_ENABLE_OBJC_ARC = YES;
				CLANG_ENABLE_OBJC_WEAK = YES;
				CLANG_WARN_BLOCK_CAPTURE_AUTORELEASING = YES;
				CLANG_WARN_BOOL_CONVERSION = YES;
				CLANG_WARN_COMMA = YES;
				CLANG_WARN_CONSTANT_CONVERSION = YES;
				CLANG_WARN_DEPRECATED_OBJC_IMPLEMENTATIONS = YES;
				CLANG_WARN_DIRECT_OBJC_ISA_USAGE = YES_ERROR;
				CLANG_WARN_DOCUMENTATION_COMMENTS = YES;
				CLANG_WARN_EMPTY_BODY = YES;
				CLANG_WARN_ENUM_CONVERSION = YES;
				CLANG_WARN_INFINITE_RECURSION = YES;
				CLANG_WARN_INT_CONVERSION = YES;
				CLANG_WARN_NON_LITERAL_NULL_CONVERSION = YES;
				CLANG_WARN_OBJC_IMPLICIT_RETAIN_SELF = YES;
				CLANG_WARN_OBJC_LITERAL_CONVERSION = YES;
				CLANG_WARN_OBJC_ROOT_CLASS = YES_ERROR;
				CLANG_WARN_RANGE_LOOP_ANALYSIS = YES;
				CLANG_WARN_STRICT_PROTOTYPES = YES;
				CLANG_WARN_SUSPICIOUS_MOVE = YES;
				CLANG_WARN_UNGUARDED_AVAILABILITY = YES_AGGRESSIVE;
				CLANG_WARN_UNREACHABLE_CODE = YES;
				CLANG_WARN__DUPLICATE_METHOD_MATCH = YES;
				CODE_SIGN_IDENTITY = "Mac Developer";
				COPY_PHASE_STRIP = NO;
				DEBUG_INFORMATION_FORMAT = dwarf;
				ENABLE_STRICT_OBJC_MSGSEND = YES;
				ENABLE_TESTABILITY = YES;
				GCC_C_LANGUAGE_STANDARD = gnu11;
				GCC_DYNAMIC_NO_PIC = NO;
				GCC_NO_COMMON_BLOCKS = YES;
				GCC_OPTIMIZATION_LEVEL = 0;
				GCC_PREPROCESSOR_DEFINITIONS = (
					"DEBUG=1",
					"$(inherited)",
				);
				GCC_WARN_64_TO_32_BIT_CONVERSION = YES;
				GCC_WARN_ABOUT_RETURN_TYPE = YES_ERROR;
				GCC_WARN_UNDECLARED_SELECTOR = YES;
				GCC_WARN_UNINITIALIZED_AUTOS = YES_AGGRESSIVE;
				GCC_WARN_UNUSED_FUNCTION = YES;
				GCC_WARN_UNUSED_VARIABLE = YES;
				MACOSX_DEPLOYMENT_TARGET = 10.13;
				MTL_ENABLE_DEBUG_INFO = YES;
				ONLY_ACTIVE_ARCH = YES;
				SDKROOT = macosx;
				SWIFT_ACTIVE_COMPILATION_CONDITIONS = DEBUG;
				SWIFT_OPTIMIZATION_LEVEL = "-Onone";
			};
			name = Debug;
		};
		EE51BE77203B629500D25DAE /* Release */ = {
			isa = XCBuildConfiguration;
			buildSettings = {
				ALWAYS_SEARCH_USER_PATHS = NO;
				CLANG_ANALYZER_NONNULL = YES;
				CLANG_ANALYZER_NUMBER_OBJECT_CONVERSION = YES_AGGRESSIVE;
				CLANG_CXX_LANGUAGE_STANDARD = "gnu++14";
				CLANG_CXX_LIBRARY = "libc++";
				CLANG_ENABLE_MODULES = YES;
				CLANG_ENABLE_OBJC_ARC = YES;
				CLANG_ENABLE_OBJC_WEAK = YES;
				CLANG_WARN_BLOCK_CAPTURE_AUTORELEASING = YES;
				CLANG_WARN_BOOL_CONVERSION = YES;
				CLANG_WARN_COMMA = YES;
				CLANG_WARN_CONSTANT_CONVERSION = YES;
				CLANG_WARN_DEPRECATED_OBJC_IMPLEMENTATIONS = YES;
				CLANG_WARN_DIRECT_OBJC_ISA_USAGE = YES_ERROR;
				CLANG_WARN_DOCUMENTATION_COMMENTS = YES;
				CLANG_WARN_EMPTY_BODY = YES;
				CLANG_WARN_ENUM_CONVERSION = YES;
				CLANG_WARN_INFINITE_RECURSION = YES;
				CLANG_WARN_INT_CONVERSION = YES;
				CLANG_WARN_NON_LITERAL_NULL_CONVERSION = YES;
				CLANG_WARN_OBJC_IMPLICIT_RETAIN_SELF = YES;
				CLANG_WARN_OBJC_LITERAL_CONVERSION = YES;
				CLANG_WARN_OBJC_ROOT_CLASS = YES_ERROR;
				CLANG_WARN_RANGE_LOOP_ANALYSIS = YES;
				CLANG_WARN_STRICT_PROTOTYPES = YES;
				CLANG_WARN_SUSPICIOUS_MOVE = YES;
				CLANG_WARN_UNGUARDED_AVAILABILITY = YES_AGGRESSIVE;
				CLANG_WARN_UNREACHABLE_CODE = YES;
				CLANG_WARN__DUPLICATE_METHOD_MATCH = YES;
				CODE_SIGN_IDENTITY = "Mac Developer";
				COPY_PHASE_STRIP = NO;
				DEBUG_INFORMATION_FORMAT = "dwarf-with-dsym";
				ENABLE_NS_ASSERTIONS = NO;
				ENABLE_STRICT_OBJC_MSGSEND = YES;
				GCC_C_LANGUAGE_STANDARD = gnu11;
				GCC_NO_COMMON_BLOCKS = YES;
				GCC_WARN_64_TO_32_BIT_CONVERSION = YES;
				GCC_WARN_ABOUT_RETURN_TYPE = YES_ERROR;
				GCC_WARN_UNDECLARED_SELECTOR = YES;
				GCC_WARN_UNINITIALIZED_AUTOS = YES_AGGRESSIVE;
				GCC_WARN_UNUSED_FUNCTION = YES;
				GCC_WARN_UNUSED_VARIABLE = YES;
				MACOSX_DEPLOYMENT_TARGET = 10.13;
				MTL_ENABLE_DEBUG_INFO = NO;
				SDKROOT = macosx;
				SWIFT_COMPILATION_MODE = wholemodule;
				SWIFT_OPTIMIZATION_LEVEL = "-O";
			};
			name = Release;
		};
		EE51BE79203B629500D25DAE /* Debug */ = {
			isa = XCBuildConfiguration;
			buildSettings = {
				CODE_SIGN_STYLE = Automatic;
				DEVELOPMENT_TEAM = 786B43Q634;
				PRODUCT_NAME = "$(TARGET_NAME)";
				SWIFT_VERSION = 4.0;
			};
			name = Debug;
		};
		EE51BE7A203B629500D25DAE /* Release */ = {
			isa = XCBuildConfiguration;
			buildSettings = {
				CODE_SIGN_STYLE = Automatic;
				DEVELOPMENT_TEAM = 786B43Q634;
				PRODUCT_NAME = "$(TARGET_NAME)";
				SWIFT_VERSION = 4.0;
			};
			name = Release;
		};
/* End XCBuildConfiguration section */

/* Begin XCConfigurationList section */
		EE51BE6C203B629500D25DAE /* Build configuration list for PBXProject "bslox" */ = {
			isa = XCConfigurationList;
			buildConfigurations = (
				EE51BE76203B629500D25DAE /* Debug */,
				EE51BE77203B629500D25DAE /* Release */,
			);
			defaultConfigurationIsVisible = 0;
			defaultConfigurationName = Release;
		};
		EE51BE78203B629500D25DAE /* Build configuration list for PBXNativeTarget "bslox" */ = {
			isa = XCConfigurationList;
			buildConfigurations = (
				EE51BE79203B629500D25DAE /* Debug */,
				EE51BE7A203B629500D25DAE /* Release */,
			);
			defaultConfigurationIsVisible = 0;
			defaultConfigurationName = Release;
		};
/* End XCConfigurationList section */
	};
	rootObject = EE51BE69203B629500D25DAE /* Project object */;
}
